// !$*UTF8*$!
{
	archiveVersion = 1;
	classes = {
	};
	objectVersion = 46;
	objects = {

/* Begin PBXBuildFile section */
		1D3623260D0F684500981E51 /* dEngineAppDelegate.swift in Sources */ = {isa = PBXBuildFile; fileRef = 1D3623250D0F684500981E51 /* dEngineAppDelegate.swift */; };
		1D60589F0D05DD5A006BFB54 /* Foundation.framework in Frameworks */ = {isa = PBXBuildFile; fileRef = 1D30AB110D05D00D00671497 /* Foundation.framework */; };
		1DF5F4E00D08C38300B7A737 /* UIKit.framework in Frameworks */ = {isa = PBXBuildFile; fileRef = 1DF5F4DF0D08C38300B7A737 /* UIKit.framework */; };
		28FD14FE0DC6FC130079059D /* EAGLView.swift in Sources */ = {isa = PBXBuildFile; fileRef = 28FD14FD0DC6FC130079059D /* EAGLView.swift */; };
		28FD15000DC6FC520079059D /* OpenGLES.framework in Frameworks */ = {isa = PBXBuildFile; fileRef = 28FD14FF0DC6FC520079059D /* OpenGLES.framework */; };
		28FD15080DC6FC5B0079059D /* QuartzCore.framework in Frameworks */ = {isa = PBXBuildFile; fileRef = 28FD15070DC6FC5B0079059D /* QuartzCore.framework */; };
		2D18CDD7106B44210028DF35 /* material.m in Sources */ = {isa = PBXBuildFile; fileRef = 2D18CDD6106B44210028DF35 /* material.m */; };
		2D2D554C10435D2100BEDC6E /* world.m in Sources */ = {isa = PBXBuildFile; fileRef = 2D2D554B10435D2100BEDC6E /* world.m */; };
		2D3D3F011048CF61009EA80A /* md5model.m in Sources */ = {isa = PBXBuildFile; fileRef = 2D3D3F001048CF61009EA80A /* md5model.m */; };
		2D55CBD4102FDEAC00F3DC3F /* md5anim.m in Sources */ = {isa = PBXBuildFile; fileRef = 2D55CBD3102FDEAC00F3DC3F /* md5anim.m */; };
		2D55CBD8102FDECF00F3DC3F /* math.m in Sources */ = {isa = PBXBuildFile; fileRef = 2D55CBD7102FDECF00F3DC3F /* math.m */; };
		2D55CC01102FE43100F3DC3F /* quaternion.m in Sources */ = {isa = PBXBuildFile; fileRef = 2D55CC00102FE43100F3DC3F /* quaternion.m */; };
		2D55CC37102FEA8B00F3DC3F /* renderer.m in Sources */ = {isa = PBXBuildFile; fileRef = 2D55CC36102FEA8B00F3DC3F /* renderer.m */; };
		2D62C82C10801FA6002411C3 /* commands.m in Sources */ = {isa = PBXBuildFile; fileRef = 2D62C82B10801FA6002411C3 /* commands.m */; };
		2D689668103107EF00308FF1 /* filesystem.m in Sources */ = {isa = PBXBuildFile; fileRef = 2D689667103107EF00308FF1 /* filesystem.m */; };
		2D73EF65107AAF44007A8E4B /* Entitlements.plist in Resources */ = {isa = PBXBuildFile; fileRef = 2D73EF64107AAF44007A8E4B /* Entitlements.plist */; };
		2D73F11D107AC556007A8E4B /* data in Resources */ = {isa = PBXBuildFile; fileRef = 2D73F03B107AC555007A8E4B /* data */; };
		2D7C75021037705600EAF594 /* camera.m in Sources */ = {isa = PBXBuildFile; fileRef = 2D7C75011037705600EAF594 /* camera.m */; };
		2D7C782910378FBC00EAF594 /* timer.m in Sources */ = {isa = PBXBuildFile; fileRef = 2D7C782810378FBC00EAF594 /* timer.m */; };
		2D7C786D1037942400EAF594 /* doom3.png in Resources */ = {isa = PBXBuildFile; fileRef = 2D7C786C1037942400EAF594 /* doom3.png */; };
		2D80547F103928C100DCD54A /* font.m in Sources */ = {isa = PBXBuildFile; fileRef = 2D80547E103928C100DCD54A /* font.m */; };
		2D9AE35A105D918800414FB2 /* config.m in Sources */ = {isa = PBXBuildFile; fileRef = 2D9AE359105D918800414FB2 /* config.m */; };
		2DAF72F210795BEA00FDD8CA /* Settings.bundle in Resources */ = {isa = PBXBuildFile; fileRef = 2DAF72F110795BEA00FDD8CA /* Settings.bundle */; };
		2DBC744E105A084F00104164 /* entities.m in Sources */ = {isa = PBXBuildFile; fileRef = 2DBC744D105A084F00104164 /* entities.m */; };
		2DEFC016106C4D250037EC3E /* lexer.m in Sources */ = {isa = PBXBuildFile; fileRef = 2DEFC015106C4D250037EC3E /* lexer.m */; };
		2DEFC066106C5D050037EC3E /* obj.m in Sources */ = {isa = PBXBuildFile; fileRef = 2DEFC065106C5D050037EC3E /* obj.m */; };
		2DF347EB102F61200052FFFF /* matrix.m in Sources */ = {isa = PBXBuildFile; fileRef = 2DF347EA102F61200052FFFF /* matrix.m */; };
		2DF34820102F62BC0052FFFF /* renderer_fixed.m in Sources */ = {isa = PBXBuildFile; fileRef = 2DF3481F102F62BC0052FFFF /* renderer_fixed.m */; };
		2DF34823102F62CC0052FFFF /* renderer_progr.m in Sources */ = {isa = PBXBuildFile; fileRef = 2DF34822102F62CC0052FFFF /* renderer_progr.m */; };
		2DF362A71037C88B00020D05 /* texture.m in Sources */ = {isa = PBXBuildFile; fileRef = 2DF362A61037C88B00020D05 /* texture.m */; };
		2DF363451037D70500020D05 /* CoreGraphics.framework in Frameworks */ = {isa = PBXBuildFile; fileRef = 2DF363441037D70500020D05 /* CoreGraphics.framework */; };
		2DF3646B1037E58B00020D05 /* ItextureLoader.m in Sources */ = {isa = PBXBuildFile; fileRef = 2DF3646A1037E58B00020D05 /* ItextureLoader.m */; };
		2DF3677A1038996B00020D05 /* stats.m in Sources */ = {isa = PBXBuildFile; fileRef = 2DF367791038996B00020D05 /* stats.m */; };
		C12C1C809A172F4CBA15D963 /* Engine.swift in Sources */ = {isa = PBXBuildFile; fileRef = C12C12E31D414A00B03BDDF9 /* Engine.swift */; };
/* End PBXBuildFile section */

/* Begin PBXFileReference section */
		1D30AB110D05D00D00671497 /* Foundation.framework */ = {isa = PBXFileReference; lastKnownFileType = wrapper.framework; name = Foundation.framework; path = System/Library/Frameworks/Foundation.framework; sourceTree = SDKROOT; };
		1D3623250D0F684500981E51 /* dEngineAppDelegate.swift */ = {isa = PBXFileReference; fileEncoding = 4; lastKnownFileType = sourcecode.swift; path = dEngineAppDelegate.swift; sourceTree = "<group>"; };
		1D6058910D05DD3D006BFB54 /* dEngine.app */ = {isa = PBXFileReference; explicitFileType = wrapper.application; includeInIndex = 0; path = dEngine.app; sourceTree = BUILT_PRODUCTS_DIR; };
		1DF5F4DF0D08C38300B7A737 /* UIKit.framework */ = {isa = PBXFileReference; lastKnownFileType = wrapper.framework; name = UIKit.framework; path = System/Library/Frameworks/UIKit.framework; sourceTree = SDKROOT; };
		28FD14FD0DC6FC130079059D /* EAGLView.swift */ = {isa = PBXFileReference; fileEncoding = 4; lastKnownFileType = sourcecode.swift; path = EAGLView.swift; sourceTree = "<group>"; };
		28FD14FF0DC6FC520079059D /* OpenGLES.framework */ = {isa = PBXFileReference; lastKnownFileType = wrapper.framework; name = OpenGLES.framework; path = System/Library/Frameworks/OpenGLES.framework; sourceTree = SDKROOT; };
		28FD15070DC6FC5B0079059D /* QuartzCore.framework */ = {isa = PBXFileReference; lastKnownFileType = wrapper.framework; name = QuartzCore.framework; path = System/Library/Frameworks/QuartzCore.framework; sourceTree = SDKROOT; };
		2D18CDD5106B44210028DF35 /* material.h */ = {isa = PBXFileReference; fileEncoding = 4; lastKnownFileType = sourcecode.c.h; path = material.h; sourceTree = "<group>"; };
		2D18CDD6106B44210028DF35 /* material.m */ = {isa = PBXFileReference; fileEncoding = 4; lastKnownFileType = sourcecode.c.objc; path = material.m; sourceTree = "<group>"; };
		2D2D554A10435D2100BEDC6E /* world.h */ = {isa = PBXFileReference; fileEncoding = 4; lastKnownFileType = sourcecode.c.h; path = world.h; sourceTree = "<group>"; };
		2D2D554B10435D2100BEDC6E /* world.m */ = {isa = PBXFileReference; fileEncoding = 4; lastKnownFileType = sourcecode.c.objc; path = world.m; sourceTree = "<group>"; };
		2D3D3F001048CF61009EA80A /* md5model.m */ = {isa = PBXFileReference; fileEncoding = 4; lastKnownFileType = sourcecode.c.objc; path = md5model.m; sourceTree = "<group>"; };
		2D55CBD3102FDEAC00F3DC3F /* md5anim.m */ = {isa = PBXFileReference; fileEncoding = 4; lastKnownFileType = sourcecode.c.objc; path = md5anim.m; sourceTree = "<group>"; };
		2D55CBD5102FDEBE00F3DC3F /* md5model.h */ = {isa = PBXFileReference; fileEncoding = 4; lastKnownFileType = sourcecode.c.h; path = md5model.h; sourceTree = "<group>"; };
		2D55CBD6102FDECF00F3DC3F /* math.h */ = {isa = PBXFileReference; fileEncoding = 4; lastKnownFileType = sourcecode.c.h; path = math.h; sourceTree = "<group>"; };
		2D55CBD7102FDECF00F3DC3F /* math.m */ = {isa = PBXFileReference; fileEncoding = 4; lastKnownFileType = sourcecode.c.objc; path = math.m; sourceTree = "<group>"; };
		2D55CBFF102FE43100F3DC3F /* quaternion.h */ = {isa = PBXFileReference; fileEncoding = 4; lastKnownFileType = sourcecode.c.h; path = quaternion.h; sourceTree = "<group>"; };
		2D55CC00102FE43100F3DC3F /* quaternion.m */ = {isa = PBXFileReference; fileEncoding = 4; lastKnownFileType = sourcecode.c.objc; path = quaternion.m; sourceTree = "<group>"; };
		2D55CC35102FEA8B00F3DC3F /* renderer.h */ = {isa = PBXFileReference; fileEncoding = 4; lastKnownFileType = sourcecode.c.h; path = renderer.h; sourceTree = "<group>"; };
		2D55CC36102FEA8B00F3DC3F /* renderer.m */ = {isa = PBXFileReference; fileEncoding = 4; lastKnownFileType = sourcecode.c.objc; path = renderer.m; sourceTree = "<group>"; };
		2D62C82A10801FA6002411C3 /* commands.h */ = {isa = PBXFileReference; fileEncoding = 4; lastKnownFileType = sourcecode.c.h; path = commands.h; sourceTree = "<group>"; };
		2D62C82B10801FA6002411C3 /* commands.m */ = {isa = PBXFileReference; fileEncoding = 4; lastKnownFileType = sourcecode.c.objc; path = commands.m; sourceTree = "<group>"; };
		2D689666103107EF00308FF1 /* filesystem.h */ = {isa = PBXFileReference; fileEncoding = 4; lastKnownFileType = sourcecode.c.h; path = filesystem.h; sourceTree = "<group>"; };
		2D689667103107EF00308FF1 /* filesystem.m */ = {isa = PBXFileReference; fileEncoding = 4; lastKnownFileType = sourcecode.c.objc; path = filesystem.m; sourceTree = "<group>"; };
		2D73EF64107AAF44007A8E4B /* Entitlements.plist */ = {isa = PBXFileReference; fileEncoding = 4; lastKnownFileType = text.plist.xml; path = Entitlements.plist; sourceTree = "<group>"; };
		2D73F03B107AC555007A8E4B /* data */ = {isa = PBXFileReference; explicitFileType = folder; path = data; sourceTree = "<group>"; };
		2D7C75001037705600EAF594 /* camera.h */ = {isa = PBXFileReference; fileEncoding = 4; lastKnownFileType = sourcecode.c.h; path = camera.h; sourceTree = "<group>"; };
		2D7C75011037705600EAF594 /* camera.m */ = {isa = PBXFileReference; fileEncoding = 4; lastKnownFileType = sourcecode.c.objc; path = camera.m; sourceTree = "<group>"; };
		2D7C782710378FBC00EAF594 /* timer.h */ = {isa = PBXFileReference; fileEncoding = 4; lastKnownFileType = sourcecode.c.h; path = timer.h; sourceTree = "<group>"; };
		2D7C782810378FBC00EAF594 /* timer.m */ = {isa = PBXFileReference; fileEncoding = 4; lastKnownFileType = sourcecode.c.objc; path = timer.m; sourceTree = "<group>"; };
		2D7C786C1037942400EAF594 /* doom3.png */ = {isa = PBXFileReference; lastKnownFileType = image.png; path = doom3.png; sourceTree = "<group>"; };
		2D80547D103928C100DCD54A /* font.h */ = {isa = PBXFileReference; fileEncoding = 4; lastKnownFileType = sourcecode.c.h; path = font.h; sourceTree = "<group>"; };
		2D80547E103928C100DCD54A /* font.m */ = {isa = PBXFileReference; fileEncoding = 4; lastKnownFileType = sourcecode.c.objc; path = font.m; sourceTree = "<group>"; };
		2D9AE358105D918800414FB2 /* config.h */ = {isa = PBXFileReference; fileEncoding = 4; lastKnownFileType = sourcecode.c.h; path = config.h; sourceTree = "<group>"; };
		2D9AE359105D918800414FB2 /* config.m */ = {isa = PBXFileReference; fileEncoding = 4; lastKnownFileType = sourcecode.c.objc; path = config.m; sourceTree = "<group>"; };
		2DAF72F110795BEA00FDD8CA /* Settings.bundle */ = {isa = PBXFileReference; lastKnownFileType = "wrapper.plug-in"; path = Settings.bundle; sourceTree = "<group>"; };
		2DBC744C105A084F00104164 /* entities.h */ = {isa = PBXFileReference; fileEncoding = 4; lastKnownFileType = sourcecode.c.h; path = entities.h; sourceTree = "<group>"; };
		2DBC744D105A084F00104164 /* entities.m */ = {isa = PBXFileReference; fileEncoding = 4; lastKnownFileType = sourcecode.c.objc; path = entities.m; sourceTree = "<group>"; };
		2DEFC014106C4D250037EC3E /* lexer.h */ = {isa = PBXFileReference; fileEncoding = 4; lastKnownFileType = sourcecode.c.h; path = lexer.h; sourceTree = "<group>"; };
		2DEFC015106C4D250037EC3E /* lexer.m */ = {isa = PBXFileReference; fileEncoding = 4; lastKnownFileType = sourcecode.c.objc; path = lexer.m; sourceTree = "<group>"; };
		2DEFC064106C5D050037EC3E /* obj.h */ = {isa = PBXFileReference; fileEncoding = 4; lastKnownFileType = sourcecode.c.h; path = obj.h; sourceTree = "<group>"; };
		2DEFC065106C5D050037EC3E /* obj.m */ = {isa = PBXFileReference; fileEncoding = 4; lastKnownFileType = sourcecode.c.objc; path = obj.m; sourceTree = "<group>"; };
		2DF347E5102F60960052FFFF /* globals.h */ = {isa = PBXFileReference; fileEncoding = 4; lastKnownFileType = sourcecode.c.h; path = globals.h; sourceTree = "<group>"; };
		2DF347E9102F61200052FFFF /* matrix.h */ = {isa = PBXFileReference; fileEncoding = 4; lastKnownFileType = sourcecode.c.h; path = matrix.h; sourceTree = "<group>"; };
		2DF347EA102F61200052FFFF /* matrix.m */ = {isa = PBXFileReference; fileEncoding = 4; lastKnownFileType = sourcecode.c.objc; path = matrix.m; sourceTree = "<group>"; };
		2DF3481E102F62BC0052FFFF /* renderer_fixed.h */ = {isa = PBXFileReference; fileEncoding = 4; lastKnownFileType = sourcecode.c.h; path = renderer_fixed.h; sourceTree = "<group>"; };
		2DF3481F102F62BC0052FFFF /* renderer_fixed.m */ = {isa = PBXFileReference; fileEncoding = 4; lastKnownFileType = sourcecode.c.objc; path = renderer_fixed.m; sourceTree = "<group>"; };
		2DF34821102F62CC0052FFFF /* renderer_progr.h */ = {isa = PBXFileReference; fileEncoding = 4; lastKnownFileType = sourcecode.c.h; path = renderer_progr.h; sourceTree = "<group>"; };
		2DF34822102F62CC0052FFFF /* renderer_progr.m */ = {isa = PBXFileReference; fileEncoding = 4; lastKnownFileType = sourcecode.c.objc; path = renderer_progr.m; sourceTree = "<group>"; };
		2DF362A21037C86F00020D05 /* ItextureLoader.h */ = {isa = PBXFileReference; fileEncoding = 4; lastKnownFileType = sourcecode.c.h; path = ItextureLoader.h; sourceTree = "<group>"; };
		2DF362A51037C88B00020D05 /* texture.h */ = {isa = PBXFileReference; fileEncoding = 4; lastKnownFileType = sourcecode.c.h; path = texture.h; sourceTree = "<group>"; };
		2DF362A61037C88B00020D05 /* texture.m */ = {isa = PBXFileReference; fileEncoding = 4; lastKnownFileType = sourcecode.c.objc; path = texture.m; sourceTree = "<group>"; };
		2DF363441037D70500020D05 /* CoreGraphics.framework */ = {isa = PBXFileReference; lastKnownFileType = wrapper.framework; name = CoreGraphics.framework; path = System/Library/Frameworks/CoreGraphics.framework; sourceTree = SDKROOT; };
		2DF364691037E58B00020D05 /* ItextureLoader.h */ = {isa = PBXFileReference; fileEncoding = 4; lastKnownFileType = sourcecode.c.h; path = ItextureLoader.h; sourceTree = "<group>"; };
		2DF3646A1037E58B00020D05 /* ItextureLoader.m */ = {isa = PBXFileReference; fileEncoding = 4; lastKnownFileType = sourcecode.c.objc; path = ItextureLoader.m; sourceTree = "<group>"; };
		2DF367781038996B00020D05 /* stats.h */ = {isa = PBXFileReference; fileEncoding = 4; lastKnownFileType = sourcecode.c.h; path = stats.h; sourceTree = "<group>"; };
		2DF367791038996B00020D05 /* stats.m */ = {isa = PBXFileReference; fileEncoding = 4; lastKnownFileType = sourcecode.c.objc; path = stats.m; sourceTree = "<group>"; };
		32CA4F630368D1EE00C91783 /* dEngine_Prefix.pch */ = {isa = PBXFileReference; fileEncoding = 4; lastKnownFileType = sourcecode.c.h; path = dEngine_Prefix.pch; sourceTree = "<group>"; };
		8D1107310486CEB800E47090 /* dEngine-Info.plist */ = {isa = PBXFileReference; fileEncoding = 4; lastKnownFileType = text.plist.xml; path = "dEngine-Info.plist"; plistStructureDefinitionIdentifier = "com.apple.xcode.plist.structure-definition.iphone.info-plist"; sourceTree = "<group>"; };
		C12C12E31D414A00B03BDDF9 /* Engine.swift */ = {isa = PBXFileReference; fileEncoding = 4; lastKnownFileType = sourcecode.swift; path = Engine.swift; sourceTree = "<group>"; };
		C12C1D6C96E2D663CB99757E /* bridgingHeader.h */ = {isa = PBXFileReference; fileEncoding = 4; lastKnownFileType = sourcecode.c.h; path = bridgingHeader.h; sourceTree = "<group>"; };
/* End PBXFileReference section */

/* Begin PBXFrameworksBuildPhase section */
		1D60588F0D05DD3D006BFB54 /* Frameworks */ = {
			isa = PBXFrameworksBuildPhase;
			buildActionMask = 2147483647;
			files = (
				1D60589F0D05DD5A006BFB54 /* Foundation.framework in Frameworks */,
				1DF5F4E00D08C38300B7A737 /* UIKit.framework in Frameworks */,
				28FD15000DC6FC520079059D /* OpenGLES.framework in Frameworks */,
				28FD15080DC6FC5B0079059D /* QuartzCore.framework in Frameworks */,
				2DF363451037D70500020D05 /* CoreGraphics.framework in Frameworks */,
			);
			runOnlyForDeploymentPostprocessing = 0;
		};
/* End PBXFrameworksBuildPhase section */

/* Begin PBXGroup section */
		080E96DDFE201D6D7F000001 /* Classes */ = {
			isa = PBXGroup;
			children = (
				28FD14FD0DC6FC130079059D /* EAGLView.swift */,
				1D3623250D0F684500981E51 /* dEngineAppDelegate.swift */,
				C12C12E31D414A00B03BDDF9 /* Engine.swift */,
			);
			path = Classes;
			sourceTree = "<group>";
		};
		19C28FACFE9D520D11CA2CBB /* Products */ = {
			isa = PBXGroup;
			children = (
				1D6058910D05DD3D006BFB54 /* dEngine.app */,
			);
			name = Products;
			sourceTree = "<group>";
		};
		29B97314FDCFA39411CA2CEA /* CustomTemplate */ = {
			isa = PBXGroup;
			children = (
				2DF347D2102F5F9C0052FFFF /* src */,
				080E96DDFE201D6D7F000001 /* Classes */,
				29B97315FDCFA39411CA2CEA /* Other Sources */,
				29B97317FDCFA39411CA2CEA /* Resources */,
				29B97323FDCFA39411CA2CEA /* Frameworks */,
				19C28FACFE9D520D11CA2CBB /* Products */,
				2DAF72F110795BEA00FDD8CA /* Settings.bundle */,
				C12C1D6C96E2D663CB99757E /* bridgingHeader.h */,
			);
			name = CustomTemplate;
			sourceTree = "<group>";
		};
		29B97315FDCFA39411CA2CEA /* Other Sources */ = {
			isa = PBXGroup;
			children = (
				32CA4F630368D1EE00C91783 /* dEngine_Prefix.pch */,
			);
			name = "Other Sources";
			sourceTree = "<group>";
		};
		29B97317FDCFA39411CA2CEA /* Resources */ = {
			isa = PBXGroup;
			children = (
				2D73F03B107AC555007A8E4B /* data */,
				2D7C786C1037942400EAF594 /* doom3.png */,
				8D1107310486CEB800E47090 /* dEngine-Info.plist */,
				2D73EF64107AAF44007A8E4B /* Entitlements.plist */,
			);
			name = Resources;
			sourceTree = "<group>";
		};
		29B97323FDCFA39411CA2CEA /* Frameworks */ = {
			isa = PBXGroup;
			children = (
				2DF363441037D70500020D05 /* CoreGraphics.framework */,
				28FD15070DC6FC5B0079059D /* QuartzCore.framework */,
				28FD14FF0DC6FC520079059D /* OpenGLES.framework */,
				1DF5F4DF0D08C38300B7A737 /* UIKit.framework */,
				1D30AB110D05D00D00671497 /* Foundation.framework */,
			);
			name = Frameworks;
			sourceTree = "<group>";
		};
		2D7C782D103790EB00EAF594 /* md5 */ = {
			isa = PBXGroup;
			children = (
				2D3D3F001048CF61009EA80A /* md5model.m */,
				2D55CBD3102FDEAC00F3DC3F /* md5anim.m */,
				2D55CBD5102FDEBE00F3DC3F /* md5model.h */,
			);
			name = md5;
			sourceTree = "<group>";
		};
		2D7E1FFF104E0BF000B10894 /* renderer */ = {
			isa = PBXGroup;
			children = (
				2DF3481E102F62BC0052FFFF /* renderer_fixed.h */,
				2DF3481F102F62BC0052FFFF /* renderer_fixed.m */,
				2DF34821102F62CC0052FFFF /* renderer_progr.h */,
				2DF34822102F62CC0052FFFF /* renderer_progr.m */,
				2D55CC35102FEA8B00F3DC3F /* renderer.h */,
				2D55CC36102FEA8B00F3DC3F /* renderer.m */,
			);
			name = renderer;
			sourceTree = "<group>";
		};
		2DBC744B105A084300104164 /* entities */ = {
			isa = PBXGroup;
			children = (
				2DBC744C105A084F00104164 /* entities.h */,
				2DBC744D105A084F00104164 /* entities.m */,
				2DEFC064106C5D050037EC3E /* obj.h */,
				2DEFC065106C5D050037EC3E /* obj.m */,
			);
			name = entities;
			sourceTree = "<group>";
		};
		2DF347D2102F5F9C0052FFFF /* src */ = {
			isa = PBXGroup;
			children = (
				2DBC744B105A084300104164 /* entities */,
				2D7E1FFF104E0BF000B10894 /* renderer */,
				2DF3679110389A7800020D05 /* utils */,
				2DF3679010389A5B00020D05 /* math */,
				2DF362A11037C85D00020D05 /* texture */,
				2D7C782D103790EB00EAF594 /* md5 */,
				2D7C75001037705600EAF594 /* camera.h */,
				2D7C75011037705600EAF594 /* camera.m */,
				2D2D554A10435D2100BEDC6E /* world.h */,
				2D2D554B10435D2100BEDC6E /* world.m */,
				2D9AE358105D918800414FB2 /* config.h */,
				2D9AE359105D918800414FB2 /* config.m */,
				2D62C82A10801FA6002411C3 /* commands.h */,
				2D62C82B10801FA6002411C3 /* commands.m */,
			);
			path = src;
			sourceTree = "<group>";
		};
		2DF362A11037C85D00020D05 /* texture */ = {
			isa = PBXGroup;
			children = (
				2DF362A21037C86F00020D05 /* ItextureLoader.h */,
				2DF362A51037C88B00020D05 /* texture.h */,
				2DF362A61037C88B00020D05 /* texture.m */,
				2DF364691037E58B00020D05 /* ItextureLoader.h */,
				2DF3646A1037E58B00020D05 /* ItextureLoader.m */,
				2D18CDD5106B44210028DF35 /* material.h */,
				2D18CDD6106B44210028DF35 /* material.m */,
			);
			name = texture;
			sourceTree = "<group>";
		};
		2DF3679010389A5B00020D05 /* math */ = {
			isa = PBXGroup;
			children = (
				2D55CBD6102FDECF00F3DC3F /* math.h */,
				2D55CBD7102FDECF00F3DC3F /* math.m */,
				2D55CBFF102FE43100F3DC3F /* quaternion.h */,
				2D55CC00102FE43100F3DC3F /* quaternion.m */,
				2DF347E9102F61200052FFFF /* matrix.h */,
				2DF347EA102F61200052FFFF /* matrix.m */,
			);
			name = math;
			sourceTree = "<group>";
		};
		2DF3679110389A7800020D05 /* utils */ = {
			isa = PBXGroup;
			children = (
				2DF367781038996B00020D05 /* stats.h */,
				2DF367791038996B00020D05 /* stats.m */,
				2DF347E5102F60960052FFFF /* globals.h */,
				2D689666103107EF00308FF1 /* filesystem.h */,
				2D689667103107EF00308FF1 /* filesystem.m */,
				2D7C782710378FBC00EAF594 /* timer.h */,
				2D7C782810378FBC00EAF594 /* timer.m */,
				2D80547D103928C100DCD54A /* font.h */,
				2D80547E103928C100DCD54A /* font.m */,
				2DEFC014106C4D250037EC3E /* lexer.h */,
				2DEFC015106C4D250037EC3E /* lexer.m */,
			);
			name = utils;
			sourceTree = "<group>";
		};
/* End PBXGroup section */

/* Begin PBXNativeTarget section */
		1D6058900D05DD3D006BFB54 /* dEngine */ = {
			isa = PBXNativeTarget;
			buildConfigurationList = 1D6058960D05DD3E006BFB54 /* Build configuration list for PBXNativeTarget "dEngine" */;
			buildPhases = (
				1D60588D0D05DD3D006BFB54 /* Resources */,
				2D1047FC106F2E0B00AD6056 /* Touch All in data */,
				2D73F2D8107C47F6007A8E4B /* Touch Data */,
				1D60588E0D05DD3D006BFB54 /* Sources */,
				1D60588F0D05DD3D006BFB54 /* Frameworks */,
			);
			buildRules = (
			);
			dependencies = (
			);
			name = dEngine;
			productName = dEngine;
			productReference = 1D6058910D05DD3D006BFB54 /* dEngine.app */;
			productType = "com.apple.product-type.application";
		};
/* End PBXNativeTarget section */

/* Begin PBXProject section */
		29B97313FDCFA39411CA2CEA /* Project object */ = {
			isa = PBXProject;
			attributes = {
				LastSwiftUpdateCheck = 0700;
				LastUpgradeCheck = 0700;
				TargetAttributes = {
					1D6058900D05DD3D006BFB54 = {
						DevelopmentTeam = GYD2SGP82V;
					};
				};
			};
			buildConfigurationList = C01FCF4E08A954540054247B /* Build configuration list for PBXProject "dEngine" */;
			compatibilityVersion = "Xcode 3.2";
			developmentRegion = English;
			hasScannedForEncodings = 1;
			knownRegions = (
				English,
				Japanese,
				French,
				German,
			);
			mainGroup = 29B97314FDCFA39411CA2CEA /* CustomTemplate */;
			projectDirPath = "";
			projectRoot = "";
			targets = (
				1D6058900D05DD3D006BFB54 /* dEngine */,
			);
		};
/* End PBXProject section */

/* Begin PBXResourcesBuildPhase section */
		1D60588D0D05DD3D006BFB54 /* Resources */ = {
			isa = PBXResourcesBuildPhase;
			buildActionMask = 2147483647;
			files = (
				2D7C786D1037942400EAF594 /* doom3.png in Resources */,
				2DAF72F210795BEA00FDD8CA /* Settings.bundle in Resources */,
				2D73EF65107AAF44007A8E4B /* Entitlements.plist in Resources */,
				2D73F11D107AC556007A8E4B /* data in Resources */,
			);
			runOnlyForDeploymentPostprocessing = 0;
		};
/* End PBXResourcesBuildPhase section */

/* Begin PBXShellScriptBuildPhase section */
		2D1047FC106F2E0B00AD6056 /* Touch All in data */ = {
			isa = PBXShellScriptBuildPhase;
			buildActionMask = 2147483647;
			files = (
			);
			inputPaths = (
			);
			name = "Touch All in data";
			outputPaths = (
			);
			runOnlyForDeploymentPostprocessing = 0;
			shellPath = /bin/sh;
			shellScript = "find ${SOURCE_ROOT}/data -exec touch -cam {} \\;";
		};
		2D73F2D8107C47F6007A8E4B /* Touch Data */ = {
			isa = PBXShellScriptBuildPhase;
			buildActionMask = 2147483647;
			files = (
			);
			inputPaths = (
			);
			name = "Touch Data";
			outputPaths = (
			);
			runOnlyForDeploymentPostprocessing = 0;
			shellPath = /bin/bash;
			shellScript = "touch -cam ${SOURCE_ROOT}/data";
		};
/* End PBXShellScriptBuildPhase section */

/* Begin PBXSourcesBuildPhase section */
		1D60588E0D05DD3D006BFB54 /* Sources */ = {
			isa = PBXSourcesBuildPhase;
			buildActionMask = 2147483647;
			files = (
				1D3623260D0F684500981E51 /* dEngineAppDelegate.swift in Sources */,
				28FD14FE0DC6FC130079059D /* EAGLView.swift in Sources */,
				2DF347EB102F61200052FFFF /* matrix.m in Sources */,
				2DF34820102F62BC0052FFFF /* renderer_fixed.m in Sources */,
				2DF34823102F62CC0052FFFF /* renderer_progr.m in Sources */,
				2D55CBD4102FDEAC00F3DC3F /* md5anim.m in Sources */,
				2D55CBD8102FDECF00F3DC3F /* math.m in Sources */,
				2D55CC01102FE43100F3DC3F /* quaternion.m in Sources */,
				2D55CC37102FEA8B00F3DC3F /* renderer.m in Sources */,
				2D689668103107EF00308FF1 /* filesystem.m in Sources */,
				2D7C75021037705600EAF594 /* camera.m in Sources */,
				2D7C782910378FBC00EAF594 /* timer.m in Sources */,
				2DF362A71037C88B00020D05 /* texture.m in Sources */,
				2DF3646B1037E58B00020D05 /* ItextureLoader.m in Sources */,
				2DF3677A1038996B00020D05 /* stats.m in Sources */,
				2D80547F103928C100DCD54A /* font.m in Sources */,
				2D2D554C10435D2100BEDC6E /* world.m in Sources */,
				2D3D3F011048CF61009EA80A /* md5model.m in Sources */,
				2DBC744E105A084F00104164 /* entities.m in Sources */,
				2D9AE35A105D918800414FB2 /* config.m in Sources */,
				2D18CDD7106B44210028DF35 /* material.m in Sources */,
				2DEFC016106C4D250037EC3E /* lexer.m in Sources */,
				2DEFC066106C5D050037EC3E /* obj.m in Sources */,
				2D62C82C10801FA6002411C3 /* commands.m in Sources */,
				C12C1C809A172F4CBA15D963 /* Engine.swift in Sources */,
			);
			runOnlyForDeploymentPostprocessing = 0;
		};
/* End PBXSourcesBuildPhase section */

/* Begin XCBuildConfiguration section */
		1D6058940D05DD3E006BFB54 /* Debug */ = {
			isa = XCBuildConfiguration;
			buildSettings = {
				ALWAYS_SEARCH_USER_PATHS = NO;
				CLANG_ENABLE_MODULES = YES;
				CLANG_ENABLE_OBJC_ARC = YES;
				CODE_SIGN_IDENTITY = "iPhone Developer";
				"CODE_SIGN_IDENTITY[sdk=iphoneos*]" = "iPhone Developer";
				COPY_PHASE_STRIP = NO;
				EMBEDDED_CONTENT_CONTAINS_SWIFT = NO;
				GCC_DYNAMIC_NO_PIC = NO;
				GCC_OPTIMIZATION_LEVEL = 0;
				GCC_PRECOMPILE_PREFIX_HEADER = YES;
				GCC_PREFIX_HEADER = dEngine_Prefix.pch;
				"GCC_THUMB_SUPPORT[arch=armv6]" = "";
				INFOPLIST_FILE = "dEngine-Info.plist";
				IPHONEOS_DEPLOYMENT_TARGET = 9.0;
				LD_RUNPATH_SEARCH_PATHS = "@executable_path/Frameworks";
				PRODUCT_BUNDLE_IDENTIFIER = net.fabiensanglard.dEngineAlpha;
				PRODUCT_NAME = dEngine;
				PROVISIONING_PROFILE = "";
				"PROVISIONING_PROFILE[sdk=iphoneos*]" = "";
				SDKROOT = iphoneos;
				SWIFT_OBJC_BRIDGING_HEADER = bridgingHeader.h;
				SWIFT_OPTIMIZATION_LEVEL = "-O";
				TARGETED_DEVICE_FAMILY = "1,2";
			};
			name = Debug;
		};
		1D6058950D05DD3E006BFB54 /* Release */ = {
			isa = XCBuildConfiguration;
			buildSettings = {
				ALWAYS_SEARCH_USER_PATHS = NO;
				CLANG_ENABLE_MODULES = YES;
				CLANG_ENABLE_OBJC_ARC = YES;
				CODE_SIGN_IDENTITY = "iPhone Developer";
				"CODE_SIGN_IDENTITY[sdk=iphoneos*]" = "iPhone Developer";
				COPY_PHASE_STRIP = YES;
				EMBEDDED_CONTENT_CONTAINS_SWIFT = NO;
				GCC_PRECOMPILE_PREFIX_HEADER = YES;
				GCC_PREFIX_HEADER = dEngine_Prefix.pch;
				"GCC_THUMB_SUPPORT[arch=armv6]" = "";
				INFOPLIST_FILE = "dEngine-Info.plist";
				IPHONEOS_DEPLOYMENT_TARGET = 9.0;
				IPHONE_OPTIMIZE_OPTIONS = "-skip-PNGs";
				LD_RUNPATH_SEARCH_PATHS = "@executable_path/Frameworks";
				PRODUCT_BUNDLE_IDENTIFIER = net.fabiensanglard.dEngineAlpha;
				PRODUCT_NAME = dEngine;
				PROVISIONING_PROFILE = "";
				"PROVISIONING_PROFILE[sdk=iphoneos*]" = "";
				SDKROOT = iphoneos;
				SWIFT_OBJC_BRIDGING_HEADER = bridgingHeader.h;
				SWIFT_OPTIMIZATION_LEVEL = "-O";
				TARGETED_DEVICE_FAMILY = "1,2";
			};
			name = Release;
		};
		2D73EF40107AAEA0007A8E4B /* ad Hoc */ = {
			isa = XCBuildConfiguration;
			buildSettings = {
				"CODE_SIGN_IDENTITY[sdk=iphoneos*]" = "iPhone Distribution: Fabien Sanglard";
				GCC_AUTO_VECTORIZATION = YES;
				GCC_C_LANGUAGE_STANDARD = c99;
				GCC_PREPROCESSOR_DEFINITIONS = _ARM_ARCH_7;
				GCC_THUMB_SUPPORT = NO;
				GCC_WARN_ABOUT_RETURN_TYPE = YES;
				GCC_WARN_UNUSED_VARIABLE = YES;
				IPHONEOS_DEPLOYMENT_TARGET = 9.0;
				ONLY_ACTIVE_ARCH = NO;
				PREBINDING = NO;
				"PROVISIONING_PROFILE[sdk=iphoneos*]" = "94FEE18A-0F8A-4127-AA18-7545A4D65CDB";
				SDKROOT = iphoneos;
			};
			name = "ad Hoc";
		};
		2D73EF41107AAEA0007A8E4B /* ad Hoc */ = {
			isa = XCBuildConfiguration;
			buildSettings = {
				ALWAYS_SEARCH_USER_PATHS = NO;
				CLANG_ENABLE_MODULES = YES;
				CLANG_ENABLE_OBJC_ARC = YES;
				CODE_SIGN_IDENTITY = "iPhone Developer";
				COPY_PHASE_STRIP = YES;
				EMBEDDED_CONTENT_CONTAINS_SWIFT = NO;
				GCC_PRECOMPILE_PREFIX_HEADER = YES;
				GCC_PREFIX_HEADER = dEngine_Prefix.pch;
				"GCC_THUMB_SUPPORT[arch=armv6]" = "";
				INFOPLIST_FILE = "dEngine-Info.plist";
				IPHONEOS_DEPLOYMENT_TARGET = 9.0;
				LD_RUNPATH_SEARCH_PATHS = "@executable_path/Frameworks";
				PRODUCT_BUNDLE_IDENTIFIER = net.fabiensanglard.dEngineAlpha;
				PRODUCT_NAME = dEngine;
				SDKROOT = iphoneos;
				SWIFT_OBJC_BRIDGING_HEADER = bridgingHeader.h;
				SWIFT_OPTIMIZATION_LEVEL = "-O";
				TARGETED_DEVICE_FAMILY = "1,2";
			};
			name = "ad Hoc";
		};
		C01FCF4F08A954540054247B /* Debug */ = {
			isa = XCBuildConfiguration;
			buildSettings = {
				"CODE_SIGN_IDENTITY[sdk=iphoneos*]" = "iPhone Developer";
				ENABLE_TESTABILITY = YES;
				GCC_C_LANGUAGE_STANDARD = c99;
				GCC_PREPROCESSOR_DEFINITIONS = "";
				GCC_WARN_ABOUT_RETURN_TYPE = YES;
				GCC_WARN_UNUSED_VARIABLE = YES;
				INFOPLIST_PREPROCESSOR_DEFINITIONS = "";
				IPHONEOS_DEPLOYMENT_TARGET = 9.0;
				ONLY_ACTIVE_ARCH = YES;
				PREBINDING = NO;
				"PROVISIONING_PROFILE[sdk=iphoneos*]" = "";
				SDKROOT = iphoneos;
			};
			name = Debug;
		};
		C01FCF5008A954540054247B /* Release */ = {
			isa = XCBuildConfiguration;
			buildSettings = {
				CODE_SIGN_IDENTITY = "iPhone Developer";
				"CODE_SIGN_IDENTITY[sdk=iphoneos*]" = "";
				GCC_AUTO_VECTORIZATION = YES;
				GCC_C_LANGUAGE_STANDARD = c99;
				GCC_PREPROCESSOR_DEFINITIONS = "";
				GCC_THUMB_SUPPORT = NO;
				"GCC_THUMB_SUPPORT[arch=armv6]" = NO;
				"GCC_THUMB_SUPPORT[arch=armv7]" = YES;
				GCC_WARN_ABOUT_RETURN_TYPE = YES;
				GCC_WARN_UNUSED_VARIABLE = YES;
				IPHONEOS_DEPLOYMENT_TARGET = 9.0;
				ONLY_ACTIVE_ARCH = NO;
				PREBINDING = NO;
				PROVISIONING_PROFILE = "";
				SDKROOT = iphoneos;
			};
			name = Release;
		};
/* End XCBuildConfiguration section */

/* Begin XCConfigurationList section */
		1D6058960D05DD3E006BFB54 /* Build configuration list for PBXNativeTarget "dEngine" */ = {
			isa = XCConfigurationList;
			buildConfigurations = (
				1D6058940D05DD3E006BFB54 /* Debug */,
				1D6058950D05DD3E006BFB54 /* Release */,
				2D73EF41107AAEA0007A8E4B /* ad Hoc */,
			);
			defaultConfigurationIsVisible = 0;
			defaultConfigurationName = Release;
		};
		C01FCF4E08A954540054247B /* Build configuration list for PBXProject "dEngine" */ = {
			isa = XCConfigurationList;
			buildConfigurations = (
				C01FCF4F08A954540054247B /* Debug */,
				C01FCF5008A954540054247B /* Release */,
				2D73EF40107AAEA0007A8E4B /* ad Hoc */,
			);
			defaultConfigurationIsVisible = 0;
			defaultConfigurationName = Release;
		};
/* End XCConfigurationList section */
	};
	rootObject = 29B97313FDCFA39411CA2CEA /* Project object */;
}
